Microsoft Visual Studio Solution File, Format Version 12.00
# Visual Studio Version 16
VisualStudioVersion = 16.0.29006.145
MinimumVisualStudioVersion = 10.0.40219.1
Project("{9A19103F-16F7-4668-BE54-9A1E7A4F7556}") = "Net", "Net.csproj", "{7AB36CCF-5FFD-4780-A54E-A102ECA028B5}"
EndProject
Project("{FAE04EC0-301F-11D3-BF4B-00C04F79EFBC}") = "Experiment", "..\Experiment\Experiment.csproj", "{F89E4EBA-6124-46E9-8207-4A5A0F50D19F}"
EndProject
Global
	GlobalSection(SolutionConfigurationPlatforms) = preSolution
		Debug|Any CPU = Debug|Any CPU
		Debug|x86 = Debug|x86
		Release|Any CPU = Release|Any CPU
		Release|x86 = Release|x86
	EndGlobalSection
	GlobalSection(ProjectConfigurationPlatforms) = postSolution
		{7AB36CCF-5FFD-4780-A54E-A102ECA028B5}.Debug|Any CPU.ActiveCfg = Debug|Any CPU
		{7AB36CCF-5FFD-4780-A54E-A102ECA028B5}.Debug|Any CPU.Build.0 = Debug|Any CPU
		{7AB36CCF-5FFD-4780-A54E-A102ECA028B5}.Debug|x86.ActiveCfg = Debug|Any CPU
		{7AB36CCF-5FFD-4780-A54E-A102ECA028B5}.Debug|x86.Build.0 = Debug|Any CPU
		{7AB36CCF-5FFD-4780-A54E-A102ECA028B5}.Release|Any CPU.ActiveCfg = Release|Any CPU
		{7AB36CCF-5FFD-4780-A54E-A102ECA028B5}.Release|Any CPU.Build.0 = Release|Any CPU
		{7AB36CCF-5FFD-4780-A54E-A102ECA028B5}.Release|x86.ActiveCfg = Release|Any CPU
		{F89E4EBA-6124-46E9-8207-4A5A0F50D19F}.Debug|Any CPU.ActiveCfg = Debug|Any CPU
		{F89E4EBA-6124-46E9-8207-4A5A0F50D19F}.Debug|Any CPU.Build.0 = Debug|Any CPU
		{F89E4EBA-6124-46E9-8207-4A5A0F50D19F}.Debug|x86.ActiveCfg = Debug|Any CPU
		{F89E4EBA-6124-46E9-8207-4A5A0F50D19F}.Debug|x86.Build.0 = Debug|Any CPU
		{F89E4EBA-6124-46E9-8207-4A5A0F50D19F}.Release|Any CPU.ActiveCfg = Release|Any CPU
		{F89E4EBA-6124-46E9-8207-4A5A0F50D19F}.Release|Any CPU.Build.0 = Release|Any CPU
		{F89E4EBA-6124-46E9-8207-4A5A0F50D19F}.Release|x86.ActiveCfg = Release|Any CPU
		{F89E4EBA-6124-46E9-8207-4A5A0F50D19F}.Release|x86.Build.0 = Release|Any CPU
	EndGlobalSection
	GlobalSection(SolutionProperties) = preSolution
		HideSolutionNode = FALSE
	EndGlobalSection
	GlobalSection(ExtensibilityGlobals) = postSolution
		SolutionGuid = {B5954529-EF14-48FD-923D-4508D5D7EC39}
	EndGlobalSection
	GlobalSection(SubversionScc) = preSolution
		Svn-Managed = True
		Manager = AnkhSVN - Subversion Support for Visual Studio
	EndGlobalSection
EndGlobal
